
Microsoft Visual Studio Solution File, Format Version 12.00
# Visual Studio 15
VisualStudioVersion = 15.0.28307.1500
MinimumVisualStudioVersion = 10.0.40219.1
Project("{FAE04EC0-301F-11D3-BF4B-00C04F79EFBC}") = "KurumsalWeb", "KurumsalWeb\KurumsalWeb.csproj", "{9C772A5F-C6C9-4D02-9FE5-11FC45454BCE}"
EndProject
Global
	GlobalSection(SolutionConfigurationPlatforms) = preSolution
		Debug|Any CPU = Debug|Any CPU
		Release|Any CPU = Release|Any CPU
	EndGlobalSection
	GlobalSection(ProjectConfigurationPlatforms) = postSolution
		{9C772A5F-C6C9-4D02-9FE5-11FC45454BCE}.Debug|Any CPU.ActiveCfg = Debug|Any CPU
		{9C772A5F-C6C9-4D02-9FE5-11FC45454BCE}.Debug|Any CPU.Build.0 = Debug|Any CPU
		{9C772A5F-C6C9-4D02-9FE5-11FC45454BCE}.Release|Any CPU.ActiveCfg = Release|Any CPU
		{9C772A5F-C6C9-4D02-9FE5-11FC45454BCE}.Release|Any CPU.Build.0 = Release|Any CPU
	EndGlobalSection
	GlobalSection(SolutionProperties) = preSolution
		HideSolutionNode = FALSE
	EndGlobalSection
	GlobalSection(ExtensibilityGlobals) = postSolution
		SolutionGuid = {DCBBA05F-E8C5-483F-B005-1C95722EFA8C}
	EndGlobalSection
EndGlobal
